
Microsoft Visual Studio Solution File, Format Version 12.00
# Visual Studio Version 17
VisualStudioVersion = 17.0.31903.59
MinimumVisualStudioVersion = 10.0.40219.1
Project("{FAE04EC0-301F-11D3-BF4B-00C04F79EFBC}") = "Csharpell", "Csharpell\Csharpell.csproj", "{D7D02261-4ADA-4271-8B5A-7E14E97E0F4C}"
EndProject
Project("{FAE04EC0-301F-11D3-BF4B-00C04F79EFBC}") = "Csharpell.Core", "Csharpell.Core\Csharpell.Core.csproj", "{D23FF065-7809-4D34-9C69-D198802283C5}"
EndProject
Global
	GlobalSection(SolutionConfigurationPlatforms) = preSolution
		Debug|Any CPU = Debug|Any CPU
		Release|Any CPU = Release|Any CPU
	EndGlobalSection
	GlobalSection(SolutionProperties) = preSolution
		HideSolutionNode = FALSE
	EndGlobalSection
	GlobalSection(ProjectConfigurationPlatforms) = postSolution
		{D7D02261-4ADA-4271-8B5A-7E14E97E0F4C}.Debug|Any CPU.ActiveCfg = Debug|Any CPU
		{D7D02261-4ADA-4271-8B5A-7E14E97E0F4C}.Debug|Any CPU.Build.0 = Debug|Any CPU
		{D7D02261-4ADA-4271-8B5A-7E14E97E0F4C}.Release|Any CPU.ActiveCfg = Release|Any CPU
		{D7D02261-4ADA-4271-8B5A-7E14E97E0F4C}.Release|Any CPU.Build.0 = Release|Any CPU
		{D23FF065-7809-4D34-9C69-D198802283C5}.Debug|Any CPU.ActiveCfg = Debug|Any CPU
		{D23FF065-7809-4D34-9C69-D198802283C5}.Debug|Any CPU.Build.0 = Debug|Any CPU
		{D23FF065-7809-4D34-9C69-D198802283C5}.Release|Any CPU.ActiveCfg = Release|Any CPU
		{D23FF065-7809-4D34-9C69-D198802283C5}.Release|Any CPU.Build.0 = Release|Any CPU
	EndGlobalSection
EndGlobal
